
Microsoft Visual Studio Solution File, Format Version 12.00
# Visual Studio Version 17
VisualStudioVersion = 17.2.32616.157
MinimumVisualStudioVersion = 10.0.40219.1
Project("{FAE04EC0-301F-11D3-BF4B-00C04F79EFBC}") = "ATMSimulator", "ATMSimulator.csproj", "{F1A34827-5ADC-4B91-8FCE-AC9A81CF7684}"
EndProject
Global
	GlobalSection(SolutionConfigurationPlatforms) = preSolution
		Debug|Any CPU = Debug|Any CPU
		Release|Any CPU = Release|Any CPU
	EndGlobalSection
	GlobalSection(ProjectConfigurationPlatforms) = postSolution
		{F1A34827-5ADC-4B91-8FCE-AC9A81CF7684}.Debug|Any CPU.ActiveCfg = Debug|Any CPU
		{F1A34827-5ADC-4B91-8FCE-AC9A81CF7684}.Debug|Any CPU.Build.0 = Debug|Any CPU
		{F1A34827-5ADC-4B91-8FCE-AC9A81CF7684}.Release|Any CPU.ActiveCfg = Release|Any CPU
		{F1A34827-5ADC-4B91-8FCE-AC9A81CF7684}.Release|Any CPU.Build.0 = Release|Any CPU
	EndGlobalSection
	GlobalSection(SolutionProperties) = preSolution
		HideSolutionNode = FALSE
	EndGlobalSection
	GlobalSection(ExtensibilityGlobals) = postSolution
		SolutionGuid = {2FA8B590-51B2-4D76-BF97-3423340DF2D7}
	EndGlobalSection
EndGlobal
